
Microsoft Visual Studio Solution File, Format Version 12.00
# Visual Studio Version 17
VisualStudioVersion = 17.5.002.0
MinimumVisualStudioVersion = 10.0.40219.1
Project("{9A19103F-16F7-4668-BE54-9A1E7A4F7556}") = "LibraryManagementAPI", "LibraryManagementAPI.csproj", "{F93B1C31-99AE-4825-A961-CE026F4ED260}"
EndProject
Global
	GlobalSection(SolutionConfigurationPlatforms) = preSolution
		Debug|Any CPU = Debug|Any CPU
		Release|Any CPU = Release|Any CPU
	EndGlobalSection
	GlobalSection(ProjectConfigurationPlatforms) = postSolution
		{F93B1C31-99AE-4825-A961-CE026F4ED260}.Debug|Any CPU.ActiveCfg = Debug|Any CPU
		{F93B1C31-99AE-4825-A961-CE026F4ED260}.Debug|Any CPU.Build.0 = Debug|Any CPU
		{F93B1C31-99AE-4825-A961-CE026F4ED260}.Release|Any CPU.ActiveCfg = Release|Any CPU
		{F93B1C31-99AE-4825-A961-CE026F4ED260}.Release|Any CPU.Build.0 = Release|Any CPU
	EndGlobalSection
	GlobalSection(SolutionProperties) = preSolution
		HideSolutionNode = FALSE
	EndGlobalSection
	GlobalSection(ExtensibilityGlobals) = postSolution
		SolutionGuid = {0E168862-BA8E-4B41-887E-F3A5079A4274}
	EndGlobalSection
EndGlobal
